
Microsoft Visual Studio Solution File, Format Version 12.00
# Visual Studio Version 16
VisualStudioVersion = 25.0.1706.3
MinimumVisualStudioVersion = 10.0.40219.1
Project("{FAE04EC0-301F-11D3-BF4B-00C04F79EFBC}") = "dotApiBasic", "dotApiBasic\dotApiBasic.csproj", "{6CEAF220-0187-4D7E-9F99-1DC5E5D888C9}"
EndProject
Global
	GlobalSection(SolutionConfigurationPlatforms) = preSolution
		Debug|Any CPU = Debug|Any CPU
		Release|Any CPU = Release|Any CPU
	EndGlobalSection
	GlobalSection(ProjectConfigurationPlatforms) = postSolution
		{6CEAF220-0187-4D7E-9F99-1DC5E5D888C9}.Debug|Any CPU.ActiveCfg = Debug|Any CPU
		{6CEAF220-0187-4D7E-9F99-1DC5E5D888C9}.Debug|Any CPU.Build.0 = Debug|Any CPU
		{6CEAF220-0187-4D7E-9F99-1DC5E5D888C9}.Release|Any CPU.ActiveCfg = Release|Any CPU
		{6CEAF220-0187-4D7E-9F99-1DC5E5D888C9}.Release|Any CPU.Build.0 = Release|Any CPU
	EndGlobalSection
	GlobalSection(SolutionProperties) = preSolution
		HideSolutionNode = FALSE
	EndGlobalSection
	GlobalSection(ExtensibilityGlobals) = postSolution
		SolutionGuid = {FD72038B-16D1-4DE9-ACF0-0B9BFB95F6CD}
	EndGlobalSection
EndGlobal
